
Microsoft Visual Studio Solution File, Format Version 12.00
# Visual Studio Version 17
VisualStudioVersion = 17.9.34616.47
MinimumVisualStudioVersion = 10.0.40219.1
Project("{9A19103F-16F7-4668-BE54-9A1E7A4F7556}") = "Client", "Client\Client.csproj", "{E2A459C8-7A4B-47FC-ABDE-08E76973B2EF}"
EndProject
Project("{9A19103F-16F7-4668-BE54-9A1E7A4F7556}") = "Server", "Server\Server.csproj", "{72C3F13C-C935-419B-87DD-6296DC08CA15}"
EndProject
Global
	GlobalSection(SolutionConfigurationPlatforms) = preSolution
		Debug|Any CPU = Debug|Any CPU
		Release|Any CPU = Release|Any CPU
	EndGlobalSection
	GlobalSection(ProjectConfigurationPlatforms) = postSolution
		{E2A459C8-7A4B-47FC-ABDE-08E76973B2EF}.Debug|Any CPU.ActiveCfg = Debug|Any CPU
		{E2A459C8-7A4B-47FC-ABDE-08E76973B2EF}.Debug|Any CPU.Build.0 = Debug|Any CPU
		{E2A459C8-7A4B-47FC-ABDE-08E76973B2EF}.Release|Any CPU.ActiveCfg = Release|Any CPU
		{E2A459C8-7A4B-47FC-ABDE-08E76973B2EF}.Release|Any CPU.Build.0 = Release|Any CPU
		{72C3F13C-C935-419B-87DD-6296DC08CA15}.Debug|Any CPU.ActiveCfg = Debug|Any CPU
		{72C3F13C-C935-419B-87DD-6296DC08CA15}.Debug|Any CPU.Build.0 = Debug|Any CPU
		{72C3F13C-C935-419B-87DD-6296DC08CA15}.Release|Any CPU.ActiveCfg = Release|Any CPU
		{72C3F13C-C935-419B-87DD-6296DC08CA15}.Release|Any CPU.Build.0 = Release|Any CPU
	EndGlobalSection
	GlobalSection(SolutionProperties) = preSolution
		HideSolutionNode = FALSE
	EndGlobalSection
	GlobalSection(ExtensibilityGlobals) = postSolution
		SolutionGuid = {37EA423B-557A-4611-8B43-C82FE2351EED}
	EndGlobalSection
EndGlobal
